# This file is autogenerated, do not edit; changes may be undone by the next 'dep ensure'.


[[projects]]
  name = "github.com/go-sql-driver/mysql"
  packages = ["."]
  revision = "72cd26f257d44c1114970e19afddcd812016007e"
  version = "v1.4.1"

[[projects]]
  name = "github.com/namsral/flag"
  packages = ["."]
  revision = "71ceffbeb0ba60fccc853971bb3ed4d7d90bfd04"
  version = "v1.7.4-pre"

[[projects]]
  name = "google.golang.org/appengine"
  packages = ["cloudsql"]
  revision = "c71d63e301d75423acb410203c747cad31e9a5e7"
  version = "v1.6.3"

[solve-meta]
  analyzer-name = "dep"
  analyzer-version = 1
  inputs-digest = "ab86bdccdabb714fdd91aab7a5ac1e3db8767130fe367a6d9f1368d205cf06ad"
  solver-name = "gps-cdcl"
  solver-version = 1
